{
  "lockfile_version": "1",
  "packages": {
    "argocd@3.1.8": {
      "last_modified": "2025-10-07T08:41:47Z",
      "resolved": "github:NixOS/nixpkgs/bce5fe2bb998488d8e7e7856315f90496723793c#argocd",
      "source": "devbox-search",
      "version": "3.1.8",
      "systems": {
        "aarch64-darwin": {
          "outputs": [
            {
              "name": "out",
              "path": "/nix/store/9dcax7bjpv9xiwlshzxrij7np33qbgz0-argocd-3.1.8",
              "default": true
            }
          ],
          "store_path": "/nix/store/9dcax7bjpv9xiwlshzxrij7np33qbgz0-argocd-3.1.8"
        },
        "aarch64-linux": {
          "outputs": [
            {
              "name": "out",
              "path": "/nix/store/jy0sgwdvbyv8xy8qhs8206lpc6j6rp2r-argocd-3.1.8",
              "default": true
            }
          ],
          "store_path": "/nix/store/jy0sgwdvbyv8xy8qhs8206lpc6j6rp2r-argocd-3.1.8"
        },
        "x86_64-darwin": {
          "outputs": [
            {
              "name": "out",
              "path": "/nix/store/v5wif9vj4yjic3nd72nghkwrazbgxmb6-argocd-3.1.8",
              "default": true
            }
          ],
          "store_path": "/nix/store/v5wif9vj4yjic3nd72nghkwrazbgxmb6-argocd-3.1.8"
        },
        "x86_64-linux": {
          "outputs": [
            {
              "name": "out",
              "path": "/nix/store/2lsi1mzwb7ydh8cb9808kipabzbrdwz2-argocd-3.1.8",
              "default": true
            }
          ],
          "store_path": "/nix/store/2lsi1mzwb7ydh8cb9808kipabzbrdwz2-argocd-3.1.8"
        }
      }
    },
    "github:NixOS/nixpkgs/nixpkgs-unstable": {
      "last_modified": "2025-12-05T15:03:55Z",
      "resolved": "github:NixOS/nixpkgs/a672be65651c80d3f592a89b3945466584a22069?lastModified=1764947035&narHash=sha256-EYHSjVM4Ox4lvCXUMiKKs2vETUSL5mx%2BJ2FfutM7T9w%3D"
    },
    "istioctl@1.28.0": {
      "last_modified": "2025-11-23T21:50:36Z",
      "resolved": "github:NixOS/nixpkgs/ee09932cedcef15aaf476f9343d1dea2cb77e261#istioctl",
      "source": "devbox-search",
      "version": "1.28.0",
      "systems": {
        "aarch64-darwin": {
          "outputs": [
            {
              "name": "out",
              "path": "/nix/store/3y2xyrmigg4lvinx6ylw7kkb8fz2hh31-istioctl-1.28.0",
              "default": true
            }
          ],
          "store_path": "/nix/store/3y2xyrmigg4lvinx6ylw7kkb8fz2hh31-istioctl-1.28.0"
        },
        "aarch64-linux": {
          "outputs": [
            {
              "name": "out",
              "path": "/nix/store/6a41rfda38si814rnp137yrblxg4kppd-istioctl-1.28.0",
              "default": true
            }
          ],
          "store_path": "/nix/store/6a41rfda38si814rnp137yrblxg4kppd-istioctl-1.28.0"
        },
        "x86_64-darwin": {
          "outputs": [
            {
              "name": "out",
              "path": "/nix/store/fh1fcsyzrhhxsy6qnyhd7mcgl26c65lk-istioctl-1.28.0",
              "default": true
            }
          ],
          "store_path": "/nix/store/fh1fcsyzrhhxsy6qnyhd7mcgl26c65lk-istioctl-1.28.0"
        },
        "x86_64-linux": {
          "outputs": [
            {
              "name": "out",
              "path": "/nix/store/3pckshyhl8gwdxna1kq967rcc3swgzq4-istioctl-1.28.0",
              "default": true
            }
          ],
          "store_path": "/nix/store/3pckshyhl8gwdxna1kq967rcc3swgzq4-istioctl-1.28.0"
        }
      }
    },
    "kyverno@1.15.2": {
      "last_modified": "2025-11-23T21:50:36Z",
      "resolved": "github:NixOS/nixpkgs/ee09932cedcef15aaf476f9343d1dea2cb77e261#kyverno",
      "source": "devbox-search",
      "version": "1.15.2",
      "systems": {
        "aarch64-darwin": {
          "outputs": [
            {
              "name": "out",
              "path": "/nix/store/h9mzrbnvm9fc8z5ha5f973fikn0yjvjh-kyverno-1.15.2",
              "default": true
            }
          ],
          "store_path": "/nix/store/h9mzrbnvm9fc8z5ha5f973fikn0yjvjh-kyverno-1.15.2"
        },
        "aarch64-linux": {
          "outputs": [
            {
              "name": "out",
              "path": "/nix/store/ajqc03c4jxzfm0k8836znljy5m51iyh1-kyverno-1.15.2",
              "default": true
            }
          ],
          "store_path": "/nix/store/ajqc03c4jxzfm0k8836znljy5m51iyh1-kyverno-1.15.2"
        },
        "x86_64-darwin": {
          "outputs": [
            {
              "name": "out",
              "path": "/nix/store/abxmggpc1cpnlfznks2a6mzsxy1zb426-kyverno-1.15.2",
              "default": true
            }
          ],
          "store_path": "/nix/store/abxmggpc1cpnlfznks2a6mzsxy1zb426-kyverno-1.15.2"
        },
        "x86_64-linux": {
          "outputs": [
            {
              "name": "out",
              "path": "/nix/store/hpl94bszxfjkfx6gqizbg7hnjxd296db-kyverno-1.15.2",
              "default": true
            }
          ],
          "store_path": "/nix/store/hpl94bszxfjkfx6gqizbg7hnjxd296db-kyverno-1.15.2"
        }
      }
    },
    "tektoncd-cli@0.43.0": {
      "last_modified": "2025-11-23T21:50:36Z",
      "resolved": "github:NixOS/nixpkgs/ee09932cedcef15aaf476f9343d1dea2cb77e261#tektoncd-cli",
      "source": "devbox-search",
      "version": "0.43.0",
      "systems": {
        "aarch64-darwin": {
          "outputs": [
            {
              "name": "out",
              "path": "/nix/store/2zjpk0dwmhamb3m7clcvibphx0wz4i55-tektoncd-cli-0.43.0",
              "default": true
            }
          ],
          "store_path": "/nix/store/2zjpk0dwmhamb3m7clcvibphx0wz4i55-tektoncd-cli-0.43.0"
        },
        "aarch64-linux": {
          "outputs": [
            {
              "name": "out",
              "path": "/nix/store/0n2jigpdfj12yx6mxffn89v6p9jzw1jf-tektoncd-cli-0.43.0",
              "default": true
            }
          ],
          "store_path": "/nix/store/0n2jigpdfj12yx6mxffn89v6p9jzw1jf-tektoncd-cli-0.43.0"
        },
        "x86_64-darwin": {
          "outputs": [
            {
              "name": "out",
              "path": "/nix/store/k74svdihprjg2hyql6b4c6hhwwkcy10a-tektoncd-cli-0.43.0",
              "default": true
            }
          ],
          "store_path": "/nix/store/k74svdihprjg2hyql6b4c6hhwwkcy10a-tektoncd-cli-0.43.0"
        },
        "x86_64-linux": {
          "outputs": [
            {
              "name": "out",
              "path": "/nix/store/8nndgs4qq7yznwasy29v2gp2xk81rvy9-tektoncd-cli-0.43.0",
              "default": true
            }
          ],
          "store_path": "/nix/store/8nndgs4qq7yznwasy29v2gp2xk81rvy9-tektoncd-cli-0.43.0"
        }
      }
    }
  }
}
